// !$*UTF8*$!
{
	archiveVersion = 1;
	classes = {
	};
	objectVersion = 50;
	objects = {

/* Begin PBXBuildFile section */
		C6E2A192242549A40089F2BD /* AppDelegate.swift in Sources */ = {isa = PBXBuildFile; fileRef = C6E2A191242549A40089F2BD /* AppDelegate.swift */; };
		C6E2A194242549A40089F2BD /* SceneDelegate.swift in Sources */ = {isa = PBXBuildFile; fileRef = C6E2A193242549A40089F2BD /* SceneDelegate.swift */; };
		C6E2A196242549A40089F2BD /* ViewController.swift in Sources */ = {isa = PBXBuildFile; fileRef = C6E2A195242549A40089F2BD /* ViewController.swift */; };
		C6E2A199242549A40089F2BD /* Main.storyboard in Resources */ = {isa = PBXBuildFile; fileRef = C6E2A197242549A40089F2BD /* Main.storyboard */; };
		C6E2A19B242549AB0089F2BD /* Assets.xcassets in Resources */ = {isa = PBXBuildFile; fileRef = C6E2A19A242549AB0089F2BD /* Assets.xcassets */; };
		C6E2A19E242549AB0089F2BD /* LaunchScreen.storyboard in Resources */ = {isa = PBXBuildFile; fileRef = C6E2A19C242549AB0089F2BD /* LaunchScreen.storyboard */; };
		C6E2A1A9242549AB0089F2BD /* kancolleTests.swift in Sources */ = {isa = PBXBuildFile; fileRef = C6E2A1A8242549AB0089F2BD /* kancolleTests.swift */; };
/* End PBXBuildFile section */

/* Begin PBXContainerItemProxy section */
		C6E2A1A5242549AB0089F2BD /* PBXContainerItemProxy */ = {
			isa = PBXContainerItemProxy;
			containerPortal = C6E2A186242549A40089F2BD /* Project object */;
			proxyType = 1;
			remoteGlobalIDString = C6E2A18D242549A40089F2BD;
			remoteInfo = kancolle;
		};
/* End PBXContainerItemProxy section */

/* Begin PBXFileReference section */
		C6E2A18E242549A40089F2BD /* kancolle.app */ = {isa = PBXFileReference; explicitFileType = wrapper.application; includeInIndex = 0; path = kancolle.app; sourceTree = BUILT_PRODUCTS_DIR; };
		C6E2A191242549A40089F2BD /* AppDelegate.swift */ = {isa = PBXFileReference; lastKnownFileType = sourcecode.swift; path = AppDelegate.swift; sourceTree = "<group>"; };
		C6E2A193242549A40089F2BD /* SceneDelegate.swift */ = {isa = PBXFileReference; lastKnownFileType = sourcecode.swift; path = SceneDelegate.swift; sourceTree = "<group>"; };
		C6E2A195242549A40089F2BD /* ViewController.swift */ = {isa = PBXFileReference; lastKnownFileType = sourcecode.swift; path = ViewController.swift; sourceTree = "<group>"; };
		C6E2A198242549A40089F2BD /* Base */ = {isa = PBXFileReference; lastKnownFileType = file.storyboard; name = Base; path = Base.lproj/Main.storyboard; sourceTree = "<group>"; };
		C6E2A19A242549AB0089F2BD /* Assets.xcassets */ = {isa = PBXFileReference; lastKnownFileType = folder.assetcatalog; path = Assets.xcassets; sourceTree = "<group>"; };
		C6E2A19D242549AB0089F2BD /* Base */ = {isa = PBXFileReference; lastKnownFileType = file.storyboard; name = Base; path = Base.lproj/LaunchScreen.storyboard; sourceTree = "<group>"; };
		C6E2A19F242549AB0089F2BD /* Info.plist */ = {isa = PBXFileReference; lastKnownFileType = text.plist.xml; path = Info.plist; sourceTree = "<group>"; };
		C6E2A1A4242549AB0089F2BD /* kancolleTests.xctest */ = {isa = PBXFileReference; explicitFileType = wrapper.cfbundle; includeInIndex = 0; path = kancolleTests.xctest; sourceTree = BUILT_PRODUCTS_DIR; };
		C6E2A1A8242549AB0089F2BD /* kancolleTests.swift */ = {isa = PBXFileReference; lastKnownFileType = sourcecode.swift; path = kancolleTests.swift; sourceTree = "<group>"; };
		C6E2A1AA242549AB0089F2BD /* Info.plist */ = {isa = PBXFileReference; lastKnownFileType = text.plist.xml; path = Info.plist; sourceTree = "<group>"; };
/* End PBXFileReference section */

/* Begin PBXFrameworksBuildPhase section */
		C6E2A18B242549A40089F2BD /* Frameworks */ = {
			isa = PBXFrameworksBuildPhase;
			buildActionMask = 2147483647;
			files = (
			);
			runOnlyForDeploymentPostprocessing = 0;
		};
		C6E2A1A1242549AB0089F2BD /* Frameworks */ = {
			isa = PBXFrameworksBuildPhase;
			buildActionMask = 2147483647;
			files = (
			);
			runOnlyForDeploymentPostprocessing = 0;
		};
/* End PBXFrameworksBuildPhase section */

/* Begin PBXGroup section */
		C6E2A185242549A30089F2BD = {
			isa = PBXGroup;
			children = (
				C6E2A190242549A40089F2BD /* kancolle */,
				C6E2A1A7242549AB0089F2BD /* kancolleTests */,
				C6E2A18F242549A40089F2BD /* Products */,
			);
			sourceTree = "<group>";
		};
		C6E2A18F242549A40089F2BD /* Products */ = {
			isa = PBXGroup;
			children = (
				C6E2A18E242549A40089F2BD /* kancolle.app */,
				C6E2A1A4242549AB0089F2BD /* kancolleTests.xctest */,
			);
			name = Products;
			sourceTree = "<group>";
		};
		C6E2A190242549A40089F2BD /* kancolle */ = {
			isa = PBXGroup;
			children = (
				C6E2A191242549A40089F2BD /* AppDelegate.swift */,
				C6E2A193242549A40089F2BD /* SceneDelegate.swift */,
				C6E2A195242549A40089F2BD /* ViewController.swift */,
				C6E2A197242549A40089F2BD /* Main.storyboard */,
				C6E2A19A242549AB0089F2BD /* Assets.xcassets */,
				C6E2A19C242549AB0089F2BD /* LaunchScreen.storyboard */,
				C6E2A19F242549AB0089F2BD /* Info.plist */,
			);
			path = kancolle;
			sourceTree = "<group>";
		};
		C6E2A1A7242549AB0089F2BD /* kancolleTests */ = {
			isa = PBXGroup;
			children = (
				C6E2A1A8242549AB0089F2BD /* kancolleTests.swift */,
				C6E2A1AA242549AB0089F2BD /* Info.plist */,
			);
			path = kancolleTests;
			sourceTree = "<group>";
		};
/* End PBXGroup section */

/* Begin PBXNativeTarget section */
		C6E2A18D242549A40089F2BD /* kancolle */ = {
			isa = PBXNativeTarget;
			buildConfigurationList = C6E2A1AD242549AB0089F2BD /* Build configuration list for PBXNativeTarget "kancolle" */;
			buildPhases = (
				C6E2A18A242549A40089F2BD /* Sources */,
				C6E2A18B242549A40089F2BD /* Frameworks */,
				C6E2A18C242549A40089F2BD /* Resources */,
			);
			buildRules = (
			);
			dependencies = (
			);
			name = kancolle;
			productName = kancolle;
			productReference = C6E2A18E242549A40089F2BD /* kancolle.app */;
			productType = "com.apple.product-type.application";
		};
		C6E2A1A3242549AB0089F2BD /* kancolleTests */ = {
			isa = PBXNativeTarget;
			buildConfigurationList = C6E2A1B0242549AB0089F2BD /* Build configuration list for PBXNativeTarget "kancolleTests" */;
			buildPhases = (
				C6E2A1A0242549AB0089F2BD /* Sources */,
				C6E2A1A1242549AB0089F2BD /* Frameworks */,
				C6E2A1A2242549AB0089F2BD /* Resources */,
			);
			buildRules = (
			);
			dependencies = (
				C6E2A1A6242549AB0089F2BD /* PBXTargetDependency */,
			);
			name = kancolleTests;
			productName = kancolleTests;
			productReference = C6E2A1A4242549AB0089F2BD /* kancolleTests.xctest */;
			productType = "com.apple.product-type.bundle.unit-test";
		};
/* End PBXNativeTarget section */

/* Begin PBXProject section */
		C6E2A186242549A40089F2BD /* Project object */ = {
			isa = PBXProject;
			attributes = {
				LastSwiftUpdateCheck = 1130;
				LastUpgradeCheck = 1130;
				ORGANIZATIONNAME = Hirohito;
				TargetAttributes = {
					C6E2A18D242549A40089F2BD = {
						CreatedOnToolsVersion = 11.3.1;
					};
					C6E2A1A3242549AB0089F2BD = {
						CreatedOnToolsVersion = 11.3.1;
						TestTargetID = C6E2A18D242549A40089F2BD;
					};
				};
			};
			buildConfigurationList = C6E2A189242549A40089F2BD /* Build configuration list for PBXProject "kancolle" */;
			compatibilityVersion = "Xcode 9.3";
			developmentRegion = en;
			hasScannedForEncodings = 0;
			knownRegions = (
				en,
				Base,
			);
			mainGroup = C6E2A185242549A30089F2BD;
			productRefGroup = C6E2A18F242549A40089F2BD /* Products */;
			projectDirPath = "";
			projectRoot = "";
			targets = (
				C6E2A18D242549A40089F2BD /* kancolle */,
				C6E2A1A3242549AB0089F2BD /* kancolleTests */,
			);
		};
/* End PBXProject section */

/* Begin PBXResourcesBuildPhase section */
		C6E2A18C242549A40089F2BD /* Resources */ = {
			isa = PBXResourcesBuildPhase;
			buildActionMask = 2147483647;
			files = (
				C6E2A19E242549AB0089F2BD /* LaunchScreen.storyboard in Resources */,
				C6E2A19B242549AB0089F2BD /* Assets.xcassets in Resources */,
				C6E2A199242549A40089F2BD /* Main.storyboard in Resources */,
			);
			runOnlyForDeploymentPostprocessing = 0;
		};
		C6E2A1A2242549AB0089F2BD /* Resources */ = {
			isa = PBXResourcesBuildPhase;
			buildActionMask = 2147483647;
			files = (
			);
			runOnlyForDeploymentPostprocessing = 0;
		};
/* End PBXResourcesBuildPhase section */

/* Begin PBXSourcesBuildPhase section */
		C6E2A18A242549A40089F2BD /* Sources */ = {
			isa = PBXSourcesBuildPhase;
			buildActionMask = 2147483647;
			files = (
				C6E2A196242549A40089F2BD /* ViewController.swift in Sources */,
				C6E2A192242549A40089F2BD /* AppDelegate.swift in Sources */,
				C6E2A194242549A40089F2BD /* SceneDelegate.swift in Sources */,
			);
			runOnlyForDeploymentPostprocessing = 0;
		};
		C6E2A1A0242549AB0089F2BD /* Sources */ = {
			isa = PBXSourcesBuildPhase;
			buildActionMask = 2147483647;
			files = (
				C6E2A1A9242549AB0089F2BD /* kancolleTests.swift in Sources */,
			);
			runOnlyForDeploymentPostprocessing = 0;
		};
/* End PBXSourcesBuildPhase section */

/* Begin PBXTargetDependency section */
		C6E2A1A6242549AB0089F2BD /* PBXTargetDependency */ = {
			isa = PBXTargetDependency;
			target = C6E2A18D242549A40089F2BD /* kancolle */;
			targetProxy = C6E2A1A5242549AB0089F2BD /* PBXContainerItemProxy */;
		};
/* End PBXTargetDependency section */

/* Begin PBXVariantGroup section */
		C6E2A197242549A40089F2BD /* Main.storyboard */ = {
			isa = PBXVariantGroup;
			children = (
				C6E2A198242549A40089F2BD /* Base */,
			);
			name = Main.storyboard;
			sourceTree = "<group>";
		};
		C6E2A19C242549AB0089F2BD /* LaunchScreen.storyboard */ = {
			isa = PBXVariantGroup;
			children = (
				C6E2A19D242549AB0089F2BD /* Base */,
			);
			name = LaunchScreen.storyboard;
			sourceTree = "<group>";
		};
/* End PBXVariantGroup section */

/* Begin XCBuildConfiguration section */
		C6E2A1AB242549AB0089F2BD /* Debug */ = {
			isa = XCBuildConfiguration;
			buildSettings = {
				ALWAYS_SEARCH_USER_PATHS = NO;
				CLANG_ANALYZER_NONNULL = YES;
				CLANG_ANALYZER_NUMBER_OBJECT_CONVERSION = YES_AGGRESSIVE;
				CLANG_CXX_LANGUAGE_STANDARD = "gnu++14";
				CLANG_CXX_LIBRARY = "libc++";
				CLANG_ENABLE_MODULES = YES;
				CLANG_ENABLE_OBJC_ARC = YES;
				CLANG_ENABLE_OBJC_WEAK = YES;
				CLANG_WARN_BLOCK_CAPTURE_AUTORELEASING = YES;
				CLANG_WARN_BOOL_CONVERSION = YES;
				CLANG_WARN_COMMA = YES;
				CLANG_WARN_CONSTANT_CONVERSION = YES;
				CLANG_WARN_DEPRECATED_OBJC_IMPLEMENTATIONS = YES;
				CLANG_WARN_DIRECT_OBJC_ISA_USAGE = YES_ERROR;
				CLANG_WARN_DOCUMENTATION_COMMENTS = YES;
				CLANG_WARN_EMPTY_BODY = YES;
				CLANG_WARN_ENUM_CONVERSION = YES;
				CLANG_WARN_INFINITE_RECURSION = YES;
				CLANG_WARN_INT_CONVERSION = YES;
				CLANG_WARN_NON_LITERAL_NULL_CONVERSION = YES;
				CLANG_WARN_OBJC_IMPLICIT_RETAIN_SELF = YES;
				CLANG_WARN_OBJC_LITERAL_CONVERSION = YES;
				CLANG_WARN_OBJC_ROOT_CLASS = YES_ERROR;
				CLANG_WARN_RANGE_LOOP_ANALYSIS = YES;
				CLANG_WARN_STRICT_PROTOTYPES = YES;
				CLANG_WARN_SUSPICIOUS_MOVE = YES;
				CLANG_WARN_UNGUARDED_AVAILABILITY = YES_AGGRESSIVE;
				CLANG_WARN_UNREACHABLE_CODE = YES;
				CLANG_WARN__DUPLICATE_METHOD_MATCH = YES;
				COPY_PHASE_STRIP = NO;
				DEBUG_INFORMATION_FORMAT = dwarf;
				ENABLE_STRICT_OBJC_MSGSEND = YES;
				ENABLE_TESTABILITY = YES;
				GCC_C_LANGUAGE_STANDARD = gnu11;
				GCC_DYNAMIC_NO_PIC = NO;
				GCC_NO_COMMON_BLOCKS = YES;
				GCC_OPTIMIZATION_LEVEL = 0;
				GCC_PREPROCESSOR_DEFINITIONS = (
					"DEBUG=1",
					"$(inherited)",
				);
				GCC_WARN_64_TO_32_BIT_CONVERSION = YES;
				GCC_WARN_ABOUT_RETURN_TYPE = YES_ERROR;
				GCC_WARN_UNDECLARED_SELECTOR = YES;
				GCC_WARN_UNINITIALIZED_AUTOS = YES_AGGRESSIVE;
				GCC_WARN_UNUSED_FUNCTION = YES;
				GCC_WARN_UNUSED_VARIABLE = YES;
				IPHONEOS_DEPLOYMENT_TARGET = 13.2;
				MTL_ENABLE_DEBUG_INFO = INCLUDE_SOURCE;
				MTL_FAST_MATH = YES;
				ONLY_ACTIVE_ARCH = YES;
				SDKROOT = iphoneos;
				SWIFT_ACTIVE_COMPILATION_CONDITIONS = DEBUG;
				SWIFT_OPTIMIZATION_LEVEL = "-Onone";
			};
			name = Debug;
		};
		C6E2A1AC242549AB0089F2BD /* Release */ = {
			isa = XCBuildConfiguration;
			buildSettings = {
				ALWAYS_SEARCH_USER_PATHS = NO;
				CLANG_ANALYZER_NONNULL = YES;
				CLANG_ANALYZER_NUMBER_OBJECT_CONVERSION = YES_AGGRESSIVE;
				CLANG_CXX_LANGUAGE_STANDARD = "gnu++14";
				CLANG_CXX_LIBRARY = "libc++";
				CLANG_ENABLE_MODULES = YES;
				CLANG_ENABLE_OBJC_ARC = YES;
				CLANG_ENABLE_OBJC_WEAK = YES;
				CLANG_WARN_BLOCK_CAPTURE_AUTORELEASING = YES;
				CLANG_WARN_BOOL_CONVERSION = YES;
				CLANG_WARN_COMMA = YES;
				CLANG_WARN_CONSTANT_CONVERSION = YES;
				CLANG_WARN_DEPRECATED_OBJC_IMPLEMENTATIONS = YES;
				CLANG_WARN_DIRECT_OBJC_ISA_USAGE = YES_ERROR;
				CLANG_WARN_DOCUMENTATION_COMMENTS = YES;
				CLANG_WARN_EMPTY_BODY = YES;
				CLANG_WARN_ENUM_CONVERSION = YES;
				CLANG_WARN_INFINITE_RECURSION = YES;
				CLANG_WARN_INT_CONVERSION = YES;
				CLANG_WARN_NON_LITERAL_NULL_CONVERSION = YES;
				CLANG_WARN_OBJC_IMPLICIT_RETAIN_SELF = YES;
				CLANG_WARN_OBJC_LITERAL_CONVERSION = YES;
				CLANG_WARN_OBJC_ROOT_CLASS = YES_ERROR;
				CLANG_WARN_RANGE_LOOP_ANALYSIS = YES;
				CLANG_WARN_STRICT_PROTOTYPES = YES;
				CLANG_WARN_SUSPICIOUS_MOVE = YES;
				CLANG_WARN_UNGUARDED_AVAILABILITY = YES_AGGRESSIVE;
				CLANG_WARN_UNREACHABLE_CODE = YES;
				CLANG_WARN__DUPLICATE_METHOD_MATCH = YES;
				COPY_PHASE_STRIP = NO;
				DEBUG_INFORMATION_FORMAT = "dwarf-with-dsym";
				ENABLE_NS_ASSERTIONS = NO;
				ENABLE_STRICT_OBJC_MSGSEND = YES;
				GCC_C_LANGUAGE_STANDARD = gnu11;
				GCC_NO_COMMON_BLOCKS = YES;
				GCC_WARN_64_TO_32_BIT_CONVERSION = YES;
				GCC_WARN_ABOUT_RETURN_TYPE = YES_ERROR;
				GCC_WARN_UNDECLARED_SELECTOR = YES;
				GCC_WARN_UNINITIALIZED_AUTOS = YES_AGGRESSIVE;
				GCC_WARN_UNUSED_FUNCTION = YES;
				GCC_WARN_UNUSED_VARIABLE = YES;
				IPHONEOS_DEPLOYMENT_TARGET = 13.2;
				MTL_ENABLE_DEBUG_INFO = NO;
				MTL_FAST_MATH = YES;
				SDKROOT = iphoneos;
				SWIFT_COMPILATION_MODE = wholemodule;
				SWIFT_OPTIMIZATION_LEVEL = "-O";
				VALIDATE_PRODUCT = YES;
			};
			name = Release;
		};
		C6E2A1AE242549AB0089F2BD /* Debug */ = {
			isa = XCBuildConfiguration;
			buildSettings = {
				ASSETCATALOG_COMPILER_APPICON_NAME = AppIcon;
				CODE_SIGN_STYLE = Automatic;
				DEVELOPMENT_TEAM = C9927DY824;
				INFOPLIST_FILE = kancolle/Info.plist;
				LD_RUNPATH_SEARCH_PATHS = (
					"$(inherited)",
					"@executable_path/Frameworks",
				);
				PRODUCT_BUNDLE_IDENTIFIER = hitro.kancolle;
				PRODUCT_NAME = "$(TARGET_NAME)";
				SWIFT_VERSION = 5.0;
				TARGETED_DEVICE_FAMILY = "1,2";
			};
			name = Debug;
		};
		C6E2A1AF242549AB0089F2BD /* Release */ = {
			isa = XCBuildConfiguration;
			buildSettings = {
				ASSETCATALOG_COMPILER_APPICON_NAME = AppIcon;
				CODE_SIGN_STYLE = Automatic;
				DEVELOPMENT_TEAM = C9927DY824;
				INFOPLIST_FILE = kancolle/Info.plist;
				LD_RUNPATH_SEARCH_PATHS = (
					"$(inherited)",
					"@executable_path/Frameworks",
				);
				PRODUCT_BUNDLE_IDENTIFIER = hitro.kancolle;
				PRODUCT_NAME = "$(TARGET_NAME)";
				SWIFT_VERSION = 5.0;
				TARGETED_DEVICE_FAMILY = "1,2";
			};
			name = Release;
		};
		C6E2A1B1242549AB0089F2BD /* Debug */ = {
			isa = XCBuildConfiguration;
			buildSettings = {
				ALWAYS_EMBED_SWIFT_STANDARD_LIBRARIES = YES;
				BUNDLE_LOADER = "$(TEST_HOST)";
				CODE_SIGN_STYLE = Automatic;
				DEVELOPMENT_TEAM = C9927DY824;
				INFOPLIST_FILE = kancolleTests/Info.plist;
				IPHONEOS_DEPLOYMENT_TARGET = 13.2;
				LD_RUNPATH_SEARCH_PATHS = (
					"$(inherited)",
					"@executable_path/Frameworks",
					"@loader_path/Frameworks",
				);
				PRODUCT_BUNDLE_IDENTIFIER = hitro.kancolleTests;
				PRODUCT_NAME = "$(TARGET_NAME)";
				SWIFT_VERSION = 5.0;
				TARGETED_DEVICE_FAMILY = "1,2";
				TEST_HOST = "$(BUILT_PRODUCTS_DIR)/kancolle.app/kancolle";
			};
			name = Debug;
		};
		C6E2A1B2242549AB0089F2BD /* Release */ = {
			isa = XCBuildConfiguration;
			buildSettings = {
				ALWAYS_EMBED_SWIFT_STANDARD_LIBRARIES = YES;
				BUNDLE_LOADER = "$(TEST_HOST)";
				CODE_SIGN_STYLE = Automatic;
				DEVELOPMENT_TEAM = C9927DY824;
				INFOPLIST_FILE = kancolleTests/Info.plist;
				IPHONEOS_DEPLOYMENT_TARGET = 13.2;
				LD_RUNPATH_SEARCH_PATHS = (
					"$(inherited)",
					"@executable_path/Frameworks",
					"@loader_path/Frameworks",
				);
				PRODUCT_BUNDLE_IDENTIFIER = hitro.kancolleTests;
				PRODUCT_NAME = "$(TARGET_NAME)";
				SWIFT_VERSION = 5.0;
				TARGETED_DEVICE_FAMILY = "1,2";
				TEST_HOST = "$(BUILT_PRODUCTS_DIR)/kancolle.app/kancolle";
			};
			name = Release;
		};
/* End XCBuildConfiguration section */

/* Begin XCConfigurationList section */
		C6E2A189242549A40089F2BD /* Build configuration list for PBXProject "kancolle" */ = {
			isa = XCConfigurationList;
			buildConfigurations = (
				C6E2A1AB242549AB0089F2BD /* Debug */,
				C6E2A1AC242549AB0089F2BD /* Release */,
			);
			defaultConfigurationIsVisible = 0;
			defaultConfigurationName = Release;
		};
		C6E2A1AD242549AB0089F2BD /* Build configuration list for PBXNativeTarget "kancolle" */ = {
			isa = XCConfigurationList;
			buildConfigurations = (
				C6E2A1AE242549AB0089F2BD /* Debug */,
				C6E2A1AF242549AB0089F2BD /* Release */,
			);
			defaultConfigurationIsVisible = 0;
			defaultConfigurationName = Release;
		};
		C6E2A1B0242549AB0089F2BD /* Build configuration list for PBXNativeTarget "kancolleTests" */ = {
			isa = XCConfigurationList;
			buildConfigurations = (
				C6E2A1B1242549AB0089F2BD /* Debug */,
				C6E2A1B2242549AB0089F2BD /* Release */,
			);
			defaultConfigurationIsVisible = 0;
			defaultConfigurationName = Release;
		};
/* End XCConfigurationList section */
	};
	rootObject = C6E2A186242549A40089F2BD /* Project object */;
}
